// !$*UTF8*$!
{
	archiveVersion = 1;
	classes = {
	};
	objectVersion = 55;
	objects = {

/* Begin PBXBuildFile section */
		58657F5F28093B80000FE09E /* AppDelegate.swift in Sources */ = {isa = PBXBuildFile; fileRef = 58657F5E28093B80000FE09E /* AppDelegate.swift */; };
		58657F6128093B80000FE09E /* SceneDelegate.swift in Sources */ = {isa = PBXBuildFile; fileRef = 58657F6028093B80000FE09E /* SceneDelegate.swift */; };
		58657F6328093B80000FE09E /* LoggingViewController.swift in Sources */ = {isa = PBXBuildFile; fileRef = 58657F6228093B80000FE09E /* LoggingViewController.swift */; };
		58657F6628093B80000FE09E /* Main.storyboard in Resources */ = {isa = PBXBuildFile; fileRef = 58657F6428093B80000FE09E /* Main.storyboard */; };
		58657F6828093B81000FE09E /* Assets.xcassets in Resources */ = {isa = PBXBuildFile; fileRef = 58657F6728093B81000FE09E /* Assets.xcassets */; };
		58657F6B28093B81000FE09E /* LaunchScreen.storyboard in Resources */ = {isa = PBXBuildFile; fileRef = 58657F6928093B81000FE09E /* LaunchScreen.storyboard */; };
		5886AF55282B44F00072C8EE /* Trajectory.swift in Sources */ = {isa = PBXBuildFile; fileRef = 5886AF54282B44F00072C8EE /* Trajectory.swift */; };
		5886AF57282B48AA0072C8EE /* Tools.swift in Sources */ = {isa = PBXBuildFile; fileRef = 5886AF56282B48AA0072C8EE /* Tools.swift */; };
/* End PBXBuildFile section */

/* Begin PBXFileReference section */
		58657F5B28093B80000FE09E /* WalkingLogger.app */ = {isa = PBXFileReference; explicitFileType = wrapper.application; includeInIndex = 0; path = WalkingLogger.app; sourceTree = BUILT_PRODUCTS_DIR; };
		58657F5E28093B80000FE09E /* AppDelegate.swift */ = {isa = PBXFileReference; lastKnownFileType = sourcecode.swift; path = AppDelegate.swift; sourceTree = "<group>"; };
		58657F6028093B80000FE09E /* SceneDelegate.swift */ = {isa = PBXFileReference; lastKnownFileType = sourcecode.swift; path = SceneDelegate.swift; sourceTree = "<group>"; };
		58657F6228093B80000FE09E /* LoggingViewController.swift */ = {isa = PBXFileReference; lastKnownFileType = sourcecode.swift; path = LoggingViewController.swift; sourceTree = "<group>"; };
		58657F6528093B80000FE09E /* Base */ = {isa = PBXFileReference; lastKnownFileType = file.storyboard; name = Base; path = Base.lproj/Main.storyboard; sourceTree = "<group>"; };
		58657F6728093B81000FE09E /* Assets.xcassets */ = {isa = PBXFileReference; lastKnownFileType = folder.assetcatalog; path = Assets.xcassets; sourceTree = "<group>"; };
		58657F6A28093B81000FE09E /* Base */ = {isa = PBXFileReference; lastKnownFileType = file.storyboard; name = Base; path = Base.lproj/LaunchScreen.storyboard; sourceTree = "<group>"; };
		58657F6C28093B81000FE09E /* Info.plist */ = {isa = PBXFileReference; lastKnownFileType = text.plist.xml; path = Info.plist; sourceTree = "<group>"; };
		5886AF54282B44F00072C8EE /* Trajectory.swift */ = {isa = PBXFileReference; lastKnownFileType = sourcecode.swift; path = Trajectory.swift; sourceTree = "<group>"; };
		5886AF56282B48AA0072C8EE /* Tools.swift */ = {isa = PBXFileReference; lastKnownFileType = sourcecode.swift; path = Tools.swift; sourceTree = "<group>"; };
/* End PBXFileReference section */

/* Begin PBXFrameworksBuildPhase section */
		58657F5828093B80000FE09E /* Frameworks */ = {
			isa = PBXFrameworksBuildPhase;
			buildActionMask = 2147483647;
			files = (
			);
			runOnlyForDeploymentPostprocessing = 0;
		};
/* End PBXFrameworksBuildPhase section */

/* Begin PBXGroup section */
		58657F5228093B80000FE09E = {
			isa = PBXGroup;
			children = (
				58657F5D28093B80000FE09E /* WalkingLogger */,
				58657F5C28093B80000FE09E /* Products */,
			);
			sourceTree = "<group>";
		};
		58657F5C28093B80000FE09E /* Products */ = {
			isa = PBXGroup;
			children = (
				58657F5B28093B80000FE09E /* WalkingLogger.app */,
			);
			name = Products;
			sourceTree = "<group>";
		};
		58657F5D28093B80000FE09E /* WalkingLogger */ = {
			isa = PBXGroup;
			children = (
				58657F5E28093B80000FE09E /* AppDelegate.swift */,
				58657F6028093B80000FE09E /* SceneDelegate.swift */,
				58657F6228093B80000FE09E /* LoggingViewController.swift */,
				5886AF54282B44F00072C8EE /* Trajectory.swift */,
				5886AF56282B48AA0072C8EE /* Tools.swift */,
				58657F6428093B80000FE09E /* Main.storyboard */,
				58657F6728093B81000FE09E /* Assets.xcassets */,
				58657F6928093B81000FE09E /* LaunchScreen.storyboard */,
				58657F6C28093B81000FE09E /* Info.plist */,
			);
			path = WalkingLogger;
			sourceTree = "<group>";
		};
/* End PBXGroup section */

/* Begin PBXNativeTarget section */
		58657F5A28093B80000FE09E /* WalkingLogger */ = {
			isa = PBXNativeTarget;
			buildConfigurationList = 58657F6F28093B81000FE09E /* Build configuration list for PBXNativeTarget "WalkingLogger" */;
			buildPhases = (
				58657F5728093B80000FE09E /* Sources */,
				58657F5828093B80000FE09E /* Frameworks */,
				58657F5928093B80000FE09E /* Resources */,
			);
			buildRules = (
			);
			dependencies = (
			);
			name = WalkingLogger;
			productName = WalkingLogger;
			productReference = 58657F5B28093B80000FE09E /* WalkingLogger.app */;
			productType = "com.apple.product-type.application";
		};
/* End PBXNativeTarget section */

/* Begin PBXProject section */
		58657F5328093B80000FE09E /* Project object */ = {
			isa = PBXProject;
			attributes = {
				BuildIndependentTargetsInParallel = 1;
				LastSwiftUpdateCheck = 1330;
				LastUpgradeCheck = 1330;
				TargetAttributes = {
					58657F5A28093B80000FE09E = {
						CreatedOnToolsVersion = 13.3.1;
					};
				};
			};
			buildConfigurationList = 58657F5628093B80000FE09E /* Build configuration list for PBXProject "WalkingLogger" */;
			compatibilityVersion = "Xcode 13.0";
			developmentRegion = en;
			hasScannedForEncodings = 0;
			knownRegions = (
				en,
				Base,
			);
			mainGroup = 58657F5228093B80000FE09E;
			productRefGroup = 58657F5C28093B80000FE09E /* Products */;
			projectDirPath = "";
			projectRoot = "";
			targets = (
				58657F5A28093B80000FE09E /* WalkingLogger */,
			);
		};
/* End PBXProject section */

/* Begin PBXResourcesBuildPhase section */
		58657F5928093B80000FE09E /* Resources */ = {
			isa = PBXResourcesBuildPhase;
			buildActionMask = 2147483647;
			files = (
				58657F6B28093B81000FE09E /* LaunchScreen.storyboard in Resources */,
				58657F6828093B81000FE09E /* Assets.xcassets in Resources */,
				58657F6628093B80000FE09E /* Main.storyboard in Resources */,
			);
			runOnlyForDeploymentPostprocessing = 0;
		};
/* End PBXResourcesBuildPhase section */

/* Begin PBXSourcesBuildPhase section */
		58657F5728093B80000FE09E /* Sources */ = {
			isa = PBXSourcesBuildPhase;
			buildActionMask = 2147483647;
			files = (
				58657F6328093B80000FE09E /* LoggingViewController.swift in Sources */,
				58657F5F28093B80000FE09E /* AppDelegate.swift in Sources */,
				5886AF55282B44F00072C8EE /* Trajectory.swift in Sources */,
				58657F6128093B80000FE09E /* SceneDelegate.swift in Sources */,
				5886AF57282B48AA0072C8EE /* Tools.swift in Sources */,
			);
			runOnlyForDeploymentPostprocessing = 0;
		};
/* End PBXSourcesBuildPhase section */

/* Begin PBXVariantGroup section */
		58657F6428093B80000FE09E /* Main.storyboard */ = {
			isa = PBXVariantGroup;
			children = (
				58657F6528093B80000FE09E /* Base */,
			);
			name = Main.storyboard;
			sourceTree = "<group>";
		};
		58657F6928093B81000FE09E /* LaunchScreen.storyboard */ = {
			isa = PBXVariantGroup;
			children = (
				58657F6A28093B81000FE09E /* Base */,
			);
			name = LaunchScreen.storyboard;
			sourceTree = "<group>";
		};
/* End PBXVariantGroup section */

/* Begin XCBuildConfiguration section */
		58657F6D28093B81000FE09E /* Debug */ = {
			isa = XCBuildConfiguration;
			buildSettings = {
				ALWAYS_SEARCH_USER_PATHS = NO;
				CLANG_ANALYZER_NONNULL = YES;
				CLANG_ANALYZER_NUMBER_OBJECT_CONVERSION = YES_AGGRESSIVE;
				CLANG_CXX_LANGUAGE_STANDARD = "gnu++17";
				CLANG_ENABLE_MODULES = YES;
				CLANG_ENABLE_OBJC_ARC = YES;
				CLANG_ENABLE_OBJC_WEAK = YES;
				CLANG_WARN_BLOCK_CAPTURE_AUTORELEASING = YES;
				CLANG_WARN_BOOL_CONVERSION = YES;
				CLANG_WARN_COMMA = YES;
				CLANG_WARN_CONSTANT_CONVERSION = YES;
				CLANG_WARN_DEPRECATED_OBJC_IMPLEMENTATIONS = YES;
				CLANG_WARN_DIRECT_OBJC_ISA_USAGE = YES_ERROR;
				CLANG_WARN_DOCUMENTATION_COMMENTS = YES;
				CLANG_WARN_EMPTY_BODY = YES;
				CLANG_WARN_ENUM_CONVERSION = YES;
				CLANG_WARN_INFINITE_RECURSION = YES;
				CLANG_WARN_INT_CONVERSION = YES;
				CLANG_WARN_NON_LITERAL_NULL_CONVERSION = YES;
				CLANG_WARN_OBJC_IMPLICIT_RETAIN_SELF = YES;
				CLANG_WARN_OBJC_LITERAL_CONVERSION = YES;
				CLANG_WARN_OBJC_ROOT_CLASS = YES_ERROR;
				CLANG_WARN_QUOTED_INCLUDE_IN_FRAMEWORK_HEADER = YES;
				CLANG_WARN_RANGE_LOOP_ANALYSIS = YES;
				CLANG_WARN_STRICT_PROTOTYPES = YES;
				CLANG_WARN_SUSPICIOUS_MOVE = YES;
				CLANG_WARN_UNGUARDED_AVAILABILITY = YES_AGGRESSIVE;
				CLANG_WARN_UNREACHABLE_CODE = YES;
				CLANG_WARN__DUPLICATE_METHOD_MATCH = YES;
				COPY_PHASE_STRIP = NO;
				DEBUG_INFORMATION_FORMAT = dwarf;
				ENABLE_STRICT_OBJC_MSGSEND = YES;
				ENABLE_TESTABILITY = YES;
				GCC_C_LANGUAGE_STANDARD = gnu11;
				GCC_DYNAMIC_NO_PIC = NO;
				GCC_NO_COMMON_BLOCKS = YES;
				GCC_OPTIMIZATION_LEVEL = 0;
				GCC_PREPROCESSOR_DEFINITIONS = (
					"DEBUG=1",
					"$(inherited)",
				);
				GCC_WARN_64_TO_32_BIT_CONVERSION = YES;
				GCC_WARN_ABOUT_RETURN_TYPE = YES_ERROR;
				GCC_WARN_UNDECLARED_SELECTOR = YES;
				GCC_WARN_UNINITIALIZED_AUTOS = YES_AGGRESSIVE;
				GCC_WARN_UNUSED_FUNCTION = YES;
				GCC_WARN_UNUSED_VARIABLE = YES;
				IPHONEOS_DEPLOYMENT_TARGET = 14.0;
				MTL_ENABLE_DEBUG_INFO = INCLUDE_SOURCE;
				MTL_FAST_MATH = YES;
				ONLY_ACTIVE_ARCH = YES;
				SDKROOT = iphoneos;
				SWIFT_ACTIVE_COMPILATION_CONDITIONS = DEBUG;
				SWIFT_OPTIMIZATION_LEVEL = "-Onone";
			};
			name = Debug;
		};
		58657F6E28093B81000FE09E /* Release */ = {
			isa = XCBuildConfiguration;
			buildSettings = {
				ALWAYS_SEARCH_USER_PATHS = NO;
				CLANG_ANALYZER_NONNULL = YES;
				CLANG_ANALYZER_NUMBER_OBJECT_CONVERSION = YES_AGGRESSIVE;
				CLANG_CXX_LANGUAGE_STANDARD = "gnu++17";
				CLANG_ENABLE_MODULES = YES;
				CLANG_ENABLE_OBJC_ARC = YES;
				CLANG_ENABLE_OBJC_WEAK = YES;
				CLANG_WARN_BLOCK_CAPTURE_AUTORELEASING = YES;
				CLANG_WARN_BOOL_CONVERSION = YES;
				CLANG_WARN_COMMA = YES;
				CLANG_WARN_CONSTANT_CONVERSION = YES;
				CLANG_WARN_DEPRECATED_OBJC_IMPLEMENTATIONS = YES;
				CLANG_WARN_DIRECT_OBJC_ISA_USAGE = YES_ERROR;
				CLANG_WARN_DOCUMENTATION_COMMENTS = YES;
				CLANG_WARN_EMPTY_BODY = YES;
				CLANG_WARN_ENUM_CONVERSION = YES;
				CLANG_WARN_INFINITE_RECURSION = YES;
				CLANG_WARN_INT_CONVERSION = YES;
				CLANG_WARN_NON_LITERAL_NULL_CONVERSION = YES;
				CLANG_WARN_OBJC_IMPLICIT_RETAIN_SELF = YES;
				CLANG_WARN_OBJC_LITERAL_CONVERSION = YES;
				CLANG_WARN_OBJC_ROOT_CLASS = YES_ERROR;
				CLANG_WARN_QUOTED_INCLUDE_IN_FRAMEWORK_HEADER = YES;
				CLANG_WARN_RANGE_LOOP_ANALYSIS = YES;
				CLANG_WARN_STRICT_PROTOTYPES = YES;
				CLANG_WARN_SUSPICIOUS_MOVE = YES;
				CLANG_WARN_UNGUARDED_AVAILABILITY = YES_AGGRESSIVE;
				CLANG_WARN_UNREACHABLE_CODE = YES;
				CLANG_WARN__DUPLICATE_METHOD_MATCH = YES;
				COPY_PHASE_STRIP = NO;
				DEBUG_INFORMATION_FORMAT = "dwarf-with-dsym";
				ENABLE_NS_ASSERTIONS = NO;
				ENABLE_STRICT_OBJC_MSGSEND = YES;
				GCC_C_LANGUAGE_STANDARD = gnu11;
				GCC_NO_COMMON_BLOCKS = YES;
				GCC_WARN_64_TO_32_BIT_CONVERSION = YES;
				GCC_WARN_ABOUT_RETURN_TYPE = YES_ERROR;
				GCC_WARN_UNDECLARED_SELECTOR = YES;
				GCC_WARN_UNINITIALIZED_AUTOS = YES_AGGRESSIVE;
				GCC_WARN_UNUSED_FUNCTION = YES;
				GCC_WARN_UNUSED_VARIABLE = YES;
				IPHONEOS_DEPLOYMENT_TARGET = 14.0;
				MTL_ENABLE_DEBUG_INFO = NO;
				MTL_FAST_MATH = YES;
				SDKROOT = iphoneos;
				SWIFT_COMPILATION_MODE = wholemodule;
				SWIFT_OPTIMIZATION_LEVEL = "-O";
				VALIDATE_PRODUCT = YES;
			};
			name = Release;
		};
		58657F7028093B81000FE09E /* Debug */ = {
			isa = XCBuildConfiguration;
			buildSettings = {
				ASSETCATALOG_COMPILER_APPICON_NAME = AppIcon;
				ASSETCATALOG_COMPILER_GLOBAL_ACCENT_COLOR_NAME = AccentColor;
				CODE_SIGN_STYLE = Automatic;
				CURRENT_PROJECT_VERSION = 1;
				DEVELOPMENT_TEAM = PK46529KZR;
				GENERATE_INFOPLIST_FILE = YES;
				INFOPLIST_FILE = WalkingLogger/Info.plist;
				INFOPLIST_KEY_NSLocationWhenInUseUsageDescription = "移動軌跡の記録・可視化のために位置情報を取得します。";
				INFOPLIST_KEY_UIApplicationSupportsIndirectInputEvents = YES;
				INFOPLIST_KEY_UILaunchStoryboardName = LaunchScreen;
				INFOPLIST_KEY_UIMainStoryboardFile = Main;
				INFOPLIST_KEY_UISupportedInterfaceOrientations_iPad = "UIInterfaceOrientationPortrait UIInterfaceOrientationPortraitUpsideDown UIInterfaceOrientationLandscapeLeft UIInterfaceOrientationLandscapeRight";
				INFOPLIST_KEY_UISupportedInterfaceOrientations_iPhone = "UIInterfaceOrientationPortrait UIInterfaceOrientationLandscapeLeft UIInterfaceOrientationLandscapeRight";
				LD_RUNPATH_SEARCH_PATHS = (
					"$(inherited)",
					"@executable_path/Frameworks",
				);
				MARKETING_VERSION = 1.0;
				PRODUCT_BUNDLE_IDENTIFIER = com.WalkingLogger;
				PRODUCT_NAME = "$(TARGET_NAME)";
				SWIFT_EMIT_LOC_STRINGS = YES;
				SWIFT_VERSION = 5.0;
				TARGETED_DEVICE_FAMILY = "1,2";
			};
			name = Debug;
		};
		58657F7128093B81000FE09E /* Release */ = {
			isa = XCBuildConfiguration;
			buildSettings = {
				ASSETCATALOG_COMPILER_APPICON_NAME = AppIcon;
				ASSETCATALOG_COMPILER_GLOBAL_ACCENT_COLOR_NAME = AccentColor;
				CODE_SIGN_STYLE = Automatic;
				CURRENT_PROJECT_VERSION = 1;
				DEVELOPMENT_TEAM = PK46529KZR;
				GENERATE_INFOPLIST_FILE = YES;
				INFOPLIST_FILE = WalkingLogger/Info.plist;
				INFOPLIST_KEY_NSLocationWhenInUseUsageDescription = "移動軌跡の記録・可視化のために位置情報を取得します。";
				INFOPLIST_KEY_UIApplicationSupportsIndirectInputEvents = YES;
				INFOPLIST_KEY_UILaunchStoryboardName = LaunchScreen;
				INFOPLIST_KEY_UIMainStoryboardFile = Main;
				INFOPLIST_KEY_UISupportedInterfaceOrientations_iPad = "UIInterfaceOrientationPortrait UIInterfaceOrientationPortraitUpsideDown UIInterfaceOrientationLandscapeLeft UIInterfaceOrientationLandscapeRight";
				INFOPLIST_KEY_UISupportedInterfaceOrientations_iPhone = "UIInterfaceOrientationPortrait UIInterfaceOrientationLandscapeLeft UIInterfaceOrientationLandscapeRight";
				LD_RUNPATH_SEARCH_PATHS = (
					"$(inherited)",
					"@executable_path/Frameworks",
				);
				MARKETING_VERSION = 1.0;
				PRODUCT_BUNDLE_IDENTIFIER = com.WalkingLogger;
				PRODUCT_NAME = "$(TARGET_NAME)";
				SWIFT_EMIT_LOC_STRINGS = YES;
				SWIFT_VERSION = 5.0;
				TARGETED_DEVICE_FAMILY = "1,2";
			};
			name = Release;
		};
/* End XCBuildConfiguration section */

/* Begin XCConfigurationList section */
		58657F5628093B80000FE09E /* Build configuration list for PBXProject "WalkingLogger" */ = {
			isa = XCConfigurationList;
			buildConfigurations = (
				58657F6D28093B81000FE09E /* Debug */,
				58657F6E28093B81000FE09E /* Release */,
			);
			defaultConfigurationIsVisible = 0;
			defaultConfigurationName = Release;
		};
		58657F6F28093B81000FE09E /* Build configuration list for PBXNativeTarget "WalkingLogger" */ = {
			isa = XCConfigurationList;
			buildConfigurations = (
				58657F7028093B81000FE09E /* Debug */,
				58657F7128093B81000FE09E /* Release */,
			);
			defaultConfigurationIsVisible = 0;
			defaultConfigurationName = Release;
		};
/* End XCConfigurationList section */
	};
	rootObject = 58657F5328093B80000FE09E /* Project object */;
}
